
Microsoft Visual Studio Solution File, Format Version 12.00
# Visual Studio Version 17
VisualStudioVersion = 17.5.002.0
MinimumVisualStudioVersion = 10.0.40219.1
Project("{FAE04EC0-301F-11D3-BF4B-00C04F79EFBC}") = "Starter.API.Test", "Starter.API.Test\Starter.API.Test.csproj", "{AB795F2C-5506-47DD-9922-85370414D6EF}"
EndProject
Project("{FAE04EC0-301F-11D3-BF4B-00C04F79EFBC}") = "Starter.API", "src\Starter.API.csproj", "{FDAAC1DB-821C-4591-BBF1-275708EFD33C}"
EndProject
Global
	GlobalSection(SolutionConfigurationPlatforms) = preSolution
		Debug|Any CPU = Debug|Any CPU
		Release|Any CPU = Release|Any CPU
	EndGlobalSection
	GlobalSection(ProjectConfigurationPlatforms) = postSolution
		{1BC8505B-423D-4532-9C8F-C323172FFABA}.Debug|Any CPU.ActiveCfg = Debug|Any CPU
		{1BC8505B-423D-4532-9C8F-C323172FFABA}.Debug|Any CPU.Build.0 = Debug|Any CPU
		{1BC8505B-423D-4532-9C8F-C323172FFABA}.Release|Any CPU.ActiveCfg = Release|Any CPU
		{1BC8505B-423D-4532-9C8F-C323172FFABA}.Release|Any CPU.Build.0 = Release|Any CPU
		{AB795F2C-5506-47DD-9922-85370414D6EF}.Debug|Any CPU.ActiveCfg = Debug|Any CPU
		{AB795F2C-5506-47DD-9922-85370414D6EF}.Debug|Any CPU.Build.0 = Debug|Any CPU
		{AB795F2C-5506-47DD-9922-85370414D6EF}.Release|Any CPU.ActiveCfg = Release|Any CPU
		{AB795F2C-5506-47DD-9922-85370414D6EF}.Release|Any CPU.Build.0 = Release|Any CPU
		{FDAAC1DB-821C-4591-BBF1-275708EFD33C}.Debug|Any CPU.ActiveCfg = Debug|Any CPU
		{FDAAC1DB-821C-4591-BBF1-275708EFD33C}.Debug|Any CPU.Build.0 = Debug|Any CPU
		{FDAAC1DB-821C-4591-BBF1-275708EFD33C}.Release|Any CPU.ActiveCfg = Release|Any CPU
		{FDAAC1DB-821C-4591-BBF1-275708EFD33C}.Release|Any CPU.Build.0 = Release|Any CPU
	EndGlobalSection
	GlobalSection(SolutionProperties) = preSolution
		HideSolutionNode = FALSE
	EndGlobalSection
	GlobalSection(ExtensibilityGlobals) = postSolution
		SolutionGuid = {59A866CF-9AE9-4642-B3C2-C33AF2A240CB}
	EndGlobalSection
EndGlobal
