
Microsoft Visual Studio Solution File, Format Version 12.00
# Visual Studio Version 17
VisualStudioVersion = 17.5.002.0
MinimumVisualStudioVersion = 10.0.40219.1
Project("{9A19103F-16F7-4668-BE54-9A1E7A4F7556}") = "Starter.API.Test", "Starter.API.Test\Starter.API.Test.csproj", "{BF2E993D-BC38-466C-A494-AFA39E8CEE88}"
EndProject
Project("{9A19103F-16F7-4668-BE54-9A1E7A4F7556}") = "Starter.API", "src\Starter.API.csproj", "{7603E498-B14E-4555-B884-3F1184B7BDE0}"
EndProject
Global
	GlobalSection(SolutionConfigurationPlatforms) = preSolution
		Debug|Any CPU = Debug|Any CPU
		Release|Any CPU = Release|Any CPU
	EndGlobalSection
	GlobalSection(ProjectConfigurationPlatforms) = postSolution
		{BF2E993D-BC38-466C-A494-AFA39E8CEE88}.Debug|Any CPU.ActiveCfg = Debug|Any CPU
		{BF2E993D-BC38-466C-A494-AFA39E8CEE88}.Debug|Any CPU.Build.0 = Debug|Any CPU
		{BF2E993D-BC38-466C-A494-AFA39E8CEE88}.Release|Any CPU.ActiveCfg = Release|Any CPU
		{BF2E993D-BC38-466C-A494-AFA39E8CEE88}.Release|Any CPU.Build.0 = Release|Any CPU
		{7603E498-B14E-4555-B884-3F1184B7BDE0}.Debug|Any CPU.ActiveCfg = Debug|Any CPU
		{7603E498-B14E-4555-B884-3F1184B7BDE0}.Debug|Any CPU.Build.0 = Debug|Any CPU
		{7603E498-B14E-4555-B884-3F1184B7BDE0}.Release|Any CPU.ActiveCfg = Release|Any CPU
		{7603E498-B14E-4555-B884-3F1184B7BDE0}.Release|Any CPU.Build.0 = Release|Any CPU
	EndGlobalSection
	GlobalSection(SolutionProperties) = preSolution
		HideSolutionNode = FALSE
	EndGlobalSection
	GlobalSection(ExtensibilityGlobals) = postSolution
		SolutionGuid = {59A866CF-9AE9-4642-B3C2-C33AF2A240CB}
	EndGlobalSection
EndGlobal
